
Microsoft Visual Studio Solution File, Format Version 12.00
# Visual Studio Version 16
VisualStudioVersion = 16.0.29519.87
MinimumVisualStudioVersion = 10.0.40219.1
Project("{FAE04EC0-301F-11D3-BF4B-00C04F79EFBC}") = "SAComercio", "ProjetoLOJA\SAComercio.csproj", "{FDAAB783-487D-4E23-827A-16DDFC74B86E}"
EndProject
Global
	GlobalSection(SolutionConfigurationPlatforms) = preSolution
		Debug|Any CPU = Debug|Any CPU
		Release|Any CPU = Release|Any CPU
	EndGlobalSection
	GlobalSection(ProjectConfigurationPlatforms) = postSolution
		{FDAAB783-487D-4E23-827A-16DDFC74B86E}.Debug|Any CPU.ActiveCfg = Debug|Any CPU
		{FDAAB783-487D-4E23-827A-16DDFC74B86E}.Debug|Any CPU.Build.0 = Debug|Any CPU
		{FDAAB783-487D-4E23-827A-16DDFC74B86E}.Release|Any CPU.ActiveCfg = Release|Any CPU
		{FDAAB783-487D-4E23-827A-16DDFC74B86E}.Release|Any CPU.Build.0 = Release|Any CPU
	EndGlobalSection
	GlobalSection(SolutionProperties) = preSolution
		HideSolutionNode = FALSE
	EndGlobalSection
	GlobalSection(ExtensibilityGlobals) = postSolution
		SolutionGuid = {98C417F9-6085-4BA2-A1CD-7B39CA2AFEAA}
	EndGlobalSection
	GlobalSection(TeamFoundationVersionControl) = preSolution
		SccNumberOfProjects = 2
		SccEnterpriseProvider = {4CA58AB2-18FA-4F8D-95D4-32DDF27D184C}
		SccTeamFoundationServer = https://wesley-lima.visualstudio.com/
		SccProjectUniqueName0 = ProjetoLOJA\\SAComercio.csproj
		SccProjectName0 = ProjetoLOJA
		SccLocalPath0 = ProjetoLOJA
		SccLocalPath1 = .
	EndGlobalSection
EndGlobal
